
Microsoft Visual Studio Solution File, Format Version 12.00
# Visual Studio Version 16
VisualStudioVersion = 16.0.30611.23
MinimumVisualStudioVersion = 10.0.40219.1
Project("{FAE04EC0-301F-11D3-BF4B-00C04F79EFBC}") = "Calculate", "Calculate\Calculate.csproj", "{698428A3-635F-43DB-AA50-5A280A29A653}"
EndProject
Global
	GlobalSection(SolutionConfigurationPlatforms) = preSolution
		Debug|Any CPU = Debug|Any CPU
		Release|Any CPU = Release|Any CPU
	EndGlobalSection
	GlobalSection(ProjectConfigurationPlatforms) = postSolution
		{698428A3-635F-43DB-AA50-5A280A29A653}.Debug|Any CPU.ActiveCfg = Debug|Any CPU
		{698428A3-635F-43DB-AA50-5A280A29A653}.Debug|Any CPU.Build.0 = Debug|Any CPU
		{698428A3-635F-43DB-AA50-5A280A29A653}.Release|Any CPU.ActiveCfg = Release|Any CPU
		{698428A3-635F-43DB-AA50-5A280A29A653}.Release|Any CPU.Build.0 = Release|Any CPU
	EndGlobalSection
	GlobalSection(SolutionProperties) = preSolution
		HideSolutionNode = FALSE
	EndGlobalSection
	GlobalSection(ExtensibilityGlobals) = postSolution
		SolutionGuid = {07EADA80-AF32-4B62-A4C1-67F60D24B34F}
	EndGlobalSection
EndGlobal
